
Microsoft Visual Studio Solution File, Format Version 12.00
# Visual Studio Version 16
VisualStudioVersion = 16.0.30413.136
MinimumVisualStudioVersion = 10.0.40219.1
Project("{FAE04EC0-301F-11D3-BF4B-00C04F79EFBC}") = "WpfApp1", "WpfApp1.csproj", "{4DC0E499-81C7-46F2-9AB6-11D269E70C82}"
EndProject
Global
	GlobalSection(SolutionConfigurationPlatforms) = preSolution
		Debug|Any CPU = Debug|Any CPU
		Release|Any CPU = Release|Any CPU
	EndGlobalSection
	GlobalSection(ProjectConfigurationPlatforms) = postSolution
		{4DC0E499-81C7-46F2-9AB6-11D269E70C82}.Debug|Any CPU.ActiveCfg = Debug|Any CPU
		{4DC0E499-81C7-46F2-9AB6-11D269E70C82}.Debug|Any CPU.Build.0 = Debug|Any CPU
		{4DC0E499-81C7-46F2-9AB6-11D269E70C82}.Release|Any CPU.ActiveCfg = Release|Any CPU
		{4DC0E499-81C7-46F2-9AB6-11D269E70C82}.Release|Any CPU.Build.0 = Release|Any CPU
	EndGlobalSection
	GlobalSection(SolutionProperties) = preSolution
		HideSolutionNode = FALSE
	EndGlobalSection
	GlobalSection(ExtensibilityGlobals) = postSolution
		SolutionGuid = {801F906E-0BB5-48AD-A12A-2B0D81C0F22A}
	EndGlobalSection
EndGlobal
